
Microsoft Visual Studio Solution File, Format Version 12.00
# Visual Studio Version 16
VisualStudioVersion = 16.0.31112.23
MinimumVisualStudioVersion = 10.0.40219.1
Project("{FAE04EC0-301F-11D3-BF4B-00C04F79EFBC}") = "powerful-crm.API", "powerful-crm.API\powerful-crm.API.csproj", "{C3DF93F9-38B8-4D4A-B0AF-D6CEDEF6E3D8}"
EndProject
Project("{00D1A9C2-B5F0-4AF3-8072-F6C62B433612}") = "powerful-crm.DB", "powerful-crm.DB\powerful-crm.DB.sqlproj", "{6E00E475-EE9E-4984-B3D7-AE778FB3AEAE}"
EndProject
Project("{FAE04EC0-301F-11D3-BF4B-00C04F79EFBC}") = "powerful-crm.Data", "powerful-crm.Data\powerful-crm.Data.csproj", "{0057D7DB-E3DF-475D-BAA1-904ACED8020E}"
EndProject
Project("{FAE04EC0-301F-11D3-BF4B-00C04F79EFBC}") = "powerful-crm.Business", "powerful-crm.Business\powerful-crm.Business.csproj", "{3F52310D-3088-4888-90F5-D5628E867FDC}"
EndProject
Global
	GlobalSection(SolutionConfigurationPlatforms) = preSolution
		Debug|Any CPU = Debug|Any CPU
		Release|Any CPU = Release|Any CPU
	EndGlobalSection
	GlobalSection(ProjectConfigurationPlatforms) = postSolution
		{C3DF93F9-38B8-4D4A-B0AF-D6CEDEF6E3D8}.Debug|Any CPU.ActiveCfg = Debug|Any CPU
		{C3DF93F9-38B8-4D4A-B0AF-D6CEDEF6E3D8}.Debug|Any CPU.Build.0 = Debug|Any CPU
		{C3DF93F9-38B8-4D4A-B0AF-D6CEDEF6E3D8}.Release|Any CPU.ActiveCfg = Release|Any CPU
		{C3DF93F9-38B8-4D4A-B0AF-D6CEDEF6E3D8}.Release|Any CPU.Build.0 = Release|Any CPU
		{6E00E475-EE9E-4984-B3D7-AE778FB3AEAE}.Debug|Any CPU.ActiveCfg = Debug|Any CPU
		{6E00E475-EE9E-4984-B3D7-AE778FB3AEAE}.Debug|Any CPU.Build.0 = Debug|Any CPU
		{6E00E475-EE9E-4984-B3D7-AE778FB3AEAE}.Debug|Any CPU.Deploy.0 = Debug|Any CPU
		{6E00E475-EE9E-4984-B3D7-AE778FB3AEAE}.Release|Any CPU.ActiveCfg = Release|Any CPU
		{6E00E475-EE9E-4984-B3D7-AE778FB3AEAE}.Release|Any CPU.Build.0 = Release|Any CPU
		{6E00E475-EE9E-4984-B3D7-AE778FB3AEAE}.Release|Any CPU.Deploy.0 = Release|Any CPU
		{0057D7DB-E3DF-475D-BAA1-904ACED8020E}.Debug|Any CPU.ActiveCfg = Debug|Any CPU
		{0057D7DB-E3DF-475D-BAA1-904ACED8020E}.Debug|Any CPU.Build.0 = Debug|Any CPU
		{0057D7DB-E3DF-475D-BAA1-904ACED8020E}.Release|Any CPU.ActiveCfg = Release|Any CPU
		{0057D7DB-E3DF-475D-BAA1-904ACED8020E}.Release|Any CPU.Build.0 = Release|Any CPU
		{3F52310D-3088-4888-90F5-D5628E867FDC}.Debug|Any CPU.ActiveCfg = Debug|Any CPU
		{3F52310D-3088-4888-90F5-D5628E867FDC}.Debug|Any CPU.Build.0 = Debug|Any CPU
		{3F52310D-3088-4888-90F5-D5628E867FDC}.Release|Any CPU.ActiveCfg = Release|Any CPU
		{3F52310D-3088-4888-90F5-D5628E867FDC}.Release|Any CPU.Build.0 = Release|Any CPU
	EndGlobalSection
	GlobalSection(SolutionProperties) = preSolution
		HideSolutionNode = FALSE
	EndGlobalSection
	GlobalSection(ExtensibilityGlobals) = postSolution
		SolutionGuid = {BDEAD90A-62DA-4431-B9D9-9EB95D93D54F}
	EndGlobalSection
EndGlobal
